// !$*UTF8*$!
{
	archiveVersion = 1;
	classes = {
	};
	objectVersion = 50;
	objects = {

/* Begin PBXBuildFile section */
		932E126F263C91BA00DC887C /* Landmarks_swiftApp.swift in Sources */ = {isa = PBXBuildFile; fileRef = 932E126E263C91BA00DC887C /* Landmarks_swiftApp.swift */; };
		932E1271263C91BA00DC887C /* ContentView.swift in Sources */ = {isa = PBXBuildFile; fileRef = 932E1270263C91BA00DC887C /* ContentView.swift */; };
		932E1273263C91BA00DC887C /* Assets.xcassets in Resources */ = {isa = PBXBuildFile; fileRef = 932E1272263C91BA00DC887C /* Assets.xcassets */; };
		932E1276263C91BA00DC887C /* Preview Assets.xcassets in Resources */ = {isa = PBXBuildFile; fileRef = 932E1275263C91BA00DC887C /* Preview Assets.xcassets */; };
		932E127E263C979100DC887C /* CircleImage.swift in Sources */ = {isa = PBXBuildFile; fileRef = 932E127D263C979100DC887C /* CircleImage.swift */; };
		932E1280263C989900DC887C /* MapView.swift in Sources */ = {isa = PBXBuildFile; fileRef = 932E127F263C989900DC887C /* MapView.swift */; };
		932E1282263C9CFB00DC887C /* landmarkData.json in Resources */ = {isa = PBXBuildFile; fileRef = 932E1281263C9CFB00DC887C /* landmarkData.json */; };
		932E1284263C9D3000DC887C /* Landmark.swift in Sources */ = {isa = PBXBuildFile; fileRef = 932E1283263C9D3000DC887C /* Landmark.swift */; };
		93D916032640693500A57D13 /* ModelData.swift in Sources */ = {isa = PBXBuildFile; fileRef = 93D916022640693500A57D13 /* ModelData.swift */; };
		93D9160826406D3500A57D13 /* LandmarkRow.swift in Sources */ = {isa = PBXBuildFile; fileRef = 93D9160726406D3500A57D13 /* LandmarkRow.swift */; };
		93D9160A2640703E00A57D13 /* LandmarkList.swift in Sources */ = {isa = PBXBuildFile; fileRef = 93D916092640703E00A57D13 /* LandmarkList.swift */; };
/* End PBXBuildFile section */

/* Begin PBXFileReference section */
		932E126B263C91BA00DC887C /* Landmarks-swift.app */ = {isa = PBXFileReference; explicitFileType = wrapper.application; includeInIndex = 0; path = "Landmarks-swift.app"; sourceTree = BUILT_PRODUCTS_DIR; };
		932E126E263C91BA00DC887C /* Landmarks_swiftApp.swift */ = {isa = PBXFileReference; lastKnownFileType = sourcecode.swift; path = Landmarks_swiftApp.swift; sourceTree = "<group>"; wrapsLines = 1; };
		932E1270263C91BA00DC887C /* ContentView.swift */ = {isa = PBXFileReference; lastKnownFileType = sourcecode.swift; path = ContentView.swift; sourceTree = "<group>"; };
		932E1272263C91BA00DC887C /* Assets.xcassets */ = {isa = PBXFileReference; lastKnownFileType = folder.assetcatalog; path = Assets.xcassets; sourceTree = "<group>"; };
		932E1275263C91BA00DC887C /* Preview Assets.xcassets */ = {isa = PBXFileReference; lastKnownFileType = folder.assetcatalog; path = "Preview Assets.xcassets"; sourceTree = "<group>"; };
		932E1277263C91BA00DC887C /* Info.plist */ = {isa = PBXFileReference; lastKnownFileType = text.plist.xml; path = Info.plist; sourceTree = "<group>"; };
		932E127D263C979100DC887C /* CircleImage.swift */ = {isa = PBXFileReference; lastKnownFileType = sourcecode.swift; path = CircleImage.swift; sourceTree = "<group>"; };
		932E127F263C989900DC887C /* MapView.swift */ = {isa = PBXFileReference; lastKnownFileType = sourcecode.swift; path = MapView.swift; sourceTree = "<group>"; };
		932E1281263C9CFB00DC887C /* landmarkData.json */ = {isa = PBXFileReference; fileEncoding = 4; lastKnownFileType = text.json; path = landmarkData.json; sourceTree = "<group>"; };
		932E1283263C9D3000DC887C /* Landmark.swift */ = {isa = PBXFileReference; lastKnownFileType = sourcecode.swift; path = Landmark.swift; sourceTree = "<group>"; };
		93D916022640693500A57D13 /* ModelData.swift */ = {isa = PBXFileReference; lastKnownFileType = sourcecode.swift; path = ModelData.swift; sourceTree = "<group>"; };
		93D9160726406D3500A57D13 /* LandmarkRow.swift */ = {isa = PBXFileReference; lastKnownFileType = sourcecode.swift; path = LandmarkRow.swift; sourceTree = "<group>"; };
		93D916092640703E00A57D13 /* LandmarkList.swift */ = {isa = PBXFileReference; lastKnownFileType = sourcecode.swift; path = LandmarkList.swift; sourceTree = "<group>"; };
/* End PBXFileReference section */

/* Begin PBXFrameworksBuildPhase section */
		932E1268263C91BA00DC887C /* Frameworks */ = {
			isa = PBXFrameworksBuildPhase;
			buildActionMask = 2147483647;
			files = (
			);
			runOnlyForDeploymentPostprocessing = 0;
		};
/* End PBXFrameworksBuildPhase section */

/* Begin PBXGroup section */
		932E1262263C91BA00DC887C = {
			isa = PBXGroup;
			children = (
				932E126D263C91BA00DC887C /* Landmarks-swift */,
				932E126C263C91BA00DC887C /* Products */,
			);
			sourceTree = "<group>";
		};
		932E126C263C91BA00DC887C /* Products */ = {
			isa = PBXGroup;
			children = (
				932E126B263C91BA00DC887C /* Landmarks-swift.app */,
			);
			name = Products;
			sourceTree = "<group>";
		};
		932E126D263C91BA00DC887C /* Landmarks-swift */ = {
			isa = PBXGroup;
			children = (
				932E126E263C91BA00DC887C /* Landmarks_swiftApp.swift */,
				93D9160426406C3F00A57D13 /* Views */,
				93D9160626406C9700A57D13 /* Model */,
				93D9160526406C7000A57D13 /* Resoiurces */,
				932E1272263C91BA00DC887C /* Assets.xcassets */,
				932E1277263C91BA00DC887C /* Info.plist */,
				932E1274263C91BA00DC887C /* Preview Content */,
			);
			path = "Landmarks-swift";
			sourceTree = "<group>";
		};
		932E1274263C91BA00DC887C /* Preview Content */ = {
			isa = PBXGroup;
			children = (
				932E1275263C91BA00DC887C /* Preview Assets.xcassets */,
			);
			path = "Preview Content";
			sourceTree = "<group>";
		};
		93D9160426406C3F00A57D13 /* Views */ = {
			isa = PBXGroup;
			children = (
				932E1270263C91BA00DC887C /* ContentView.swift */,
				932E127F263C989900DC887C /* MapView.swift */,
				932E127D263C979100DC887C /* CircleImage.swift */,
				93D9160726406D3500A57D13 /* LandmarkRow.swift */,
				93D916092640703E00A57D13 /* LandmarkList.swift */,
			);
			path = Views;
			sourceTree = "<group>";
		};
		93D9160526406C7000A57D13 /* Resoiurces */ = {
			isa = PBXGroup;
			children = (
				932E1281263C9CFB00DC887C /* landmarkData.json */,
			);
			path = Resoiurces;
			sourceTree = "<group>";
		};
		93D9160626406C9700A57D13 /* Model */ = {
			isa = PBXGroup;
			children = (
				93D916022640693500A57D13 /* ModelData.swift */,
				932E1283263C9D3000DC887C /* Landmark.swift */,
			);
			path = Model;
			sourceTree = "<group>";
		};
/* End PBXGroup section */

/* Begin PBXNativeTarget section */
		932E126A263C91BA00DC887C /* Landmarks-swift */ = {
			isa = PBXNativeTarget;
			buildConfigurationList = 932E127A263C91BA00DC887C /* Build configuration list for PBXNativeTarget "Landmarks-swift" */;
			buildPhases = (
				932E1267263C91BA00DC887C /* Sources */,
				932E1268263C91BA00DC887C /* Frameworks */,
				932E1269263C91BA00DC887C /* Resources */,
			);
			buildRules = (
			);
			dependencies = (
			);
			name = "Landmarks-swift";
			productName = "Landmarks-swift";
			productReference = 932E126B263C91BA00DC887C /* Landmarks-swift.app */;
			productType = "com.apple.product-type.application";
		};
/* End PBXNativeTarget section */

/* Begin PBXProject section */
		932E1263263C91BA00DC887C /* Project object */ = {
			isa = PBXProject;
			attributes = {
				LastSwiftUpdateCheck = 1250;
				LastUpgradeCheck = 1250;
				TargetAttributes = {
					932E126A263C91BA00DC887C = {
						CreatedOnToolsVersion = 12.5;
					};
				};
			};
			buildConfigurationList = 932E1266263C91BA00DC887C /* Build configuration list for PBXProject "Landmarks-swift" */;
			compatibilityVersion = "Xcode 9.3";
			developmentRegion = en;
			hasScannedForEncodings = 0;
			knownRegions = (
				en,
				Base,
			);
			mainGroup = 932E1262263C91BA00DC887C;
			productRefGroup = 932E126C263C91BA00DC887C /* Products */;
			projectDirPath = "";
			projectRoot = "";
			targets = (
				932E126A263C91BA00DC887C /* Landmarks-swift */,
			);
		};
/* End PBXProject section */

/* Begin PBXResourcesBuildPhase section */
		932E1269263C91BA00DC887C /* Resources */ = {
			isa = PBXResourcesBuildPhase;
			buildActionMask = 2147483647;
			files = (
				932E1276263C91BA00DC887C /* Preview Assets.xcassets in Resources */,
				932E1273263C91BA00DC887C /* Assets.xcassets in Resources */,
				932E1282263C9CFB00DC887C /* landmarkData.json in Resources */,
			);
			runOnlyForDeploymentPostprocessing = 0;
		};
/* End PBXResourcesBuildPhase section */

/* Begin PBXSourcesBuildPhase section */
		932E1267263C91BA00DC887C /* Sources */ = {
			isa = PBXSourcesBuildPhase;
			buildActionMask = 2147483647;
			files = (
				932E1271263C91BA00DC887C /* ContentView.swift in Sources */,
				932E1280263C989900DC887C /* MapView.swift in Sources */,
				932E126F263C91BA00DC887C /* Landmarks_swiftApp.swift in Sources */,
				93D9160A2640703E00A57D13 /* LandmarkList.swift in Sources */,
				932E127E263C979100DC887C /* CircleImage.swift in Sources */,
				932E1284263C9D3000DC887C /* Landmark.swift in Sources */,
				93D9160826406D3500A57D13 /* LandmarkRow.swift in Sources */,
				93D916032640693500A57D13 /* ModelData.swift in Sources */,
			);
			runOnlyForDeploymentPostprocessing = 0;
		};
/* End PBXSourcesBuildPhase section */

/* Begin XCBuildConfiguration section */
		932E1278263C91BA00DC887C /* Debug */ = {
			isa = XCBuildConfiguration;
			buildSettings = {
				ALWAYS_SEARCH_USER_PATHS = NO;
				CLANG_ANALYZER_NONNULL = YES;
				CLANG_ANALYZER_NUMBER_OBJECT_CONVERSION = YES_AGGRESSIVE;
				CLANG_CXX_LANGUAGE_STANDARD = "gnu++14";
				CLANG_CXX_LIBRARY = "libc++";
				CLANG_ENABLE_MODULES = YES;
				CLANG_ENABLE_OBJC_ARC = YES;
				CLANG_ENABLE_OBJC_WEAK = YES;
				CLANG_WARN_BLOCK_CAPTURE_AUTORELEASING = YES;
				CLANG_WARN_BOOL_CONVERSION = YES;
				CLANG_WARN_COMMA = YES;
				CLANG_WARN_CONSTANT_CONVERSION = YES;
				CLANG_WARN_DEPRECATED_OBJC_IMPLEMENTATIONS = YES;
				CLANG_WARN_DIRECT_OBJC_ISA_USAGE = YES_ERROR;
				CLANG_WARN_DOCUMENTATION_COMMENTS = YES;
				CLANG_WARN_EMPTY_BODY = YES;
				CLANG_WARN_ENUM_CONVERSION = YES;
				CLANG_WARN_INFINITE_RECURSION = YES;
				CLANG_WARN_INT_CONVERSION = YES;
				CLANG_WARN_NON_LITERAL_NULL_CONVERSION = YES;
				CLANG_WARN_OBJC_IMPLICIT_RETAIN_SELF = YES;
				CLANG_WARN_OBJC_LITERAL_CONVERSION = YES;
				CLANG_WARN_OBJC_ROOT_CLASS = YES_ERROR;
				CLANG_WARN_QUOTED_INCLUDE_IN_FRAMEWORK_HEADER = YES;
				CLANG_WARN_RANGE_LOOP_ANALYSIS = YES;
				CLANG_WARN_STRICT_PROTOTYPES = YES;
				CLANG_WARN_SUSPICIOUS_MOVE = YES;
				CLANG_WARN_UNGUARDED_AVAILABILITY = YES_AGGRESSIVE;
				CLANG_WARN_UNREACHABLE_CODE = YES;
				CLANG_WARN__DUPLICATE_METHOD_MATCH = YES;
				COPY_PHASE_STRIP = NO;
				DEBUG_INFORMATION_FORMAT = dwarf;
				ENABLE_STRICT_OBJC_MSGSEND = YES;
				ENABLE_TESTABILITY = YES;
				GCC_C_LANGUAGE_STANDARD = gnu11;
				GCC_DYNAMIC_NO_PIC = NO;
				GCC_NO_COMMON_BLOCKS = YES;
				GCC_OPTIMIZATION_LEVEL = 0;
				GCC_PREPROCESSOR_DEFINITIONS = (
					"DEBUG=1",
					"$(inherited)",
				);
				GCC_WARN_64_TO_32_BIT_CONVERSION = YES;
				GCC_WARN_ABOUT_RETURN_TYPE = YES_ERROR;
				GCC_WARN_UNDECLARED_SELECTOR = YES;
				GCC_WARN_UNINITIALIZED_AUTOS = YES_AGGRESSIVE;
				GCC_WARN_UNUSED_FUNCTION = YES;
				GCC_WARN_UNUSED_VARIABLE = YES;
				IPHONEOS_DEPLOYMENT_TARGET = 14.5;
				MTL_ENABLE_DEBUG_INFO = INCLUDE_SOURCE;
				MTL_FAST_MATH = YES;
				ONLY_ACTIVE_ARCH = YES;
				SDKROOT = iphoneos;
				SWIFT_ACTIVE_COMPILATION_CONDITIONS = DEBUG;
				SWIFT_OPTIMIZATION_LEVEL = "-Onone";
			};
			name = Debug;
		};
		932E1279263C91BA00DC887C /* Release */ = {
			isa = XCBuildConfiguration;
			buildSettings = {
				ALWAYS_SEARCH_USER_PATHS = NO;
				CLANG_ANALYZER_NONNULL = YES;
				CLANG_ANALYZER_NUMBER_OBJECT_CONVERSION = YES_AGGRESSIVE;
				CLANG_CXX_LANGUAGE_STANDARD = "gnu++14";
				CLANG_CXX_LIBRARY = "libc++";
				CLANG_ENABLE_MODULES = YES;
				CLANG_ENABLE_OBJC_ARC = YES;
				CLANG_ENABLE_OBJC_WEAK = YES;
				CLANG_WARN_BLOCK_CAPTURE_AUTORELEASING = YES;
				CLANG_WARN_BOOL_CONVERSION = YES;
				CLANG_WARN_COMMA = YES;
				CLANG_WARN_CONSTANT_CONVERSION = YES;
				CLANG_WARN_DEPRECATED_OBJC_IMPLEMENTATIONS = YES;
				CLANG_WARN_DIRECT_OBJC_ISA_USAGE = YES_ERROR;
				CLANG_WARN_DOCUMENTATION_COMMENTS = YES;
				CLANG_WARN_EMPTY_BODY = YES;
				CLANG_WARN_ENUM_CONVERSION = YES;
				CLANG_WARN_INFINITE_RECURSION = YES;
				CLANG_WARN_INT_CONVERSION = YES;
				CLANG_WARN_NON_LITERAL_NULL_CONVERSION = YES;
				CLANG_WARN_OBJC_IMPLICIT_RETAIN_SELF = YES;
				CLANG_WARN_OBJC_LITERAL_CONVERSION = YES;
				CLANG_WARN_OBJC_ROOT_CLASS = YES_ERROR;
				CLANG_WARN_QUOTED_INCLUDE_IN_FRAMEWORK_HEADER = YES;
				CLANG_WARN_RANGE_LOOP_ANALYSIS = YES;
				CLANG_WARN_STRICT_PROTOTYPES = YES;
				CLANG_WARN_SUSPICIOUS_MOVE = YES;
				CLANG_WARN_UNGUARDED_AVAILABILITY = YES_AGGRESSIVE;
				CLANG_WARN_UNREACHABLE_CODE = YES;
				CLANG_WARN__DUPLICATE_METHOD_MATCH = YES;
				COPY_PHASE_STRIP = NO;
				DEBUG_INFORMATION_FORMAT = "dwarf-with-dsym";
				ENABLE_NS_ASSERTIONS = NO;
				ENABLE_STRICT_OBJC_MSGSEND = YES;
				GCC_C_LANGUAGE_STANDARD = gnu11;
				GCC_NO_COMMON_BLOCKS = YES;
				GCC_WARN_64_TO_32_BIT_CONVERSION = YES;
				GCC_WARN_ABOUT_RETURN_TYPE = YES_ERROR;
				GCC_WARN_UNDECLARED_SELECTOR = YES;
				GCC_WARN_UNINITIALIZED_AUTOS = YES_AGGRESSIVE;
				GCC_WARN_UNUSED_FUNCTION = YES;
				GCC_WARN_UNUSED_VARIABLE = YES;
				IPHONEOS_DEPLOYMENT_TARGET = 14.5;
				MTL_ENABLE_DEBUG_INFO = NO;
				MTL_FAST_MATH = YES;
				SDKROOT = iphoneos;
				SWIFT_COMPILATION_MODE = wholemodule;
				SWIFT_OPTIMIZATION_LEVEL = "-O";
				VALIDATE_PRODUCT = YES;
			};
			name = Release;
		};
		932E127B263C91BA00DC887C /* Debug */ = {
			isa = XCBuildConfiguration;
			buildSettings = {
				ASSETCATALOG_COMPILER_APPICON_NAME = AppIcon;
				ASSETCATALOG_COMPILER_GLOBAL_ACCENT_COLOR_NAME = AccentColor;
				CODE_SIGN_STYLE = Automatic;
				DEVELOPMENT_ASSET_PATHS = "\"Landmarks-swift/Preview Content\"";
				DEVELOPMENT_TEAM = X8ACHSW6UJ;
				ENABLE_PREVIEWS = YES;
				INFOPLIST_FILE = "Landmarks-swift/Info.plist";
				IPHONEOS_DEPLOYMENT_TARGET = 14.0;
				LD_RUNPATH_SEARCH_PATHS = (
					"$(inherited)",
					"@executable_path/Frameworks",
				);
				PRODUCT_BUNDLE_IDENTIFIER = "com.example.Landmarks-swift";
				PRODUCT_NAME = "$(TARGET_NAME)";
				SWIFT_VERSION = 5.0;
				TARGETED_DEVICE_FAMILY = "1,2";
			};
			name = Debug;
		};
		932E127C263C91BA00DC887C /* Release */ = {
			isa = XCBuildConfiguration;
			buildSettings = {
				ASSETCATALOG_COMPILER_APPICON_NAME = AppIcon;
				ASSETCATALOG_COMPILER_GLOBAL_ACCENT_COLOR_NAME = AccentColor;
				CODE_SIGN_STYLE = Automatic;
				DEVELOPMENT_ASSET_PATHS = "\"Landmarks-swift/Preview Content\"";
				DEVELOPMENT_TEAM = X8ACHSW6UJ;
				ENABLE_PREVIEWS = YES;
				INFOPLIST_FILE = "Landmarks-swift/Info.plist";
				IPHONEOS_DEPLOYMENT_TARGET = 14.0;
				LD_RUNPATH_SEARCH_PATHS = (
					"$(inherited)",
					"@executable_path/Frameworks",
				);
				PRODUCT_BUNDLE_IDENTIFIER = "com.example.Landmarks-swift";
				PRODUCT_NAME = "$(TARGET_NAME)";
				SWIFT_VERSION = 5.0;
				TARGETED_DEVICE_FAMILY = "1,2";
			};
			name = Release;
		};
/* End XCBuildConfiguration section */

/* Begin XCConfigurationList section */
		932E1266263C91BA00DC887C /* Build configuration list for PBXProject "Landmarks-swift" */ = {
			isa = XCConfigurationList;
			buildConfigurations = (
				932E1278263C91BA00DC887C /* Debug */,
				932E1279263C91BA00DC887C /* Release */,
			);
			defaultConfigurationIsVisible = 0;
			defaultConfigurationName = Release;
		};
		932E127A263C91BA00DC887C /* Build configuration list for PBXNativeTarget "Landmarks-swift" */ = {
			isa = XCConfigurationList;
			buildConfigurations = (
				932E127B263C91BA00DC887C /* Debug */,
				932E127C263C91BA00DC887C /* Release */,
			);
			defaultConfigurationIsVisible = 0;
			defaultConfigurationName = Release;
		};
/* End XCConfigurationList section */
	};
	rootObject = 932E1263263C91BA00DC887C /* Project object */;
}
